// !$*UTF8*$!
{
	archiveVersion = 1;
	classes = {
	};
	objectVersion = 56;
	objects = {

/* Begin PBXBuildFile section */
		A001 /* NotchInteractionApp.swift in Sources */ = {isa = PBXBuildFile; fileRef = B001 /* NotchInteractionApp.swift */; };
		A002 /* AppDelegate.swift in Sources */ = {isa = PBXBuildFile; fileRef = B002 /* AppDelegate.swift */; };
		A003 /* NotchState.swift in Sources */ = {isa = PBXBuildFile; fileRef = B003 /* NotchState.swift */; };
		A004 /* NowBarOverlayView.swift in Sources */ = {isa = PBXBuildFile; fileRef = B004 /* NowBarOverlayView.swift */; };
		A005 /* NowPlayingManager.swift in Sources */ = {isa = PBXBuildFile; fileRef = B005 /* NowPlayingManager.swift */; };
		A006 /* SideBarNowPlayingView.swift in Sources */ = {isa = PBXBuildFile; fileRef = B006 /* SideBarNowPlayingView.swift */; };
		A007 /* HapticManager.swift in Sources */ = {isa = PBXBuildFile; fileRef = B007 /* HapticManager.swift */; };
		A008 /* PowerManager.swift in Sources */ = {isa = PBXBuildFile; fileRef = B008 /* PowerManager.swift */; };
		A009 /* NotchBarView.swift in Sources */ = {isa = PBXBuildFile; fileRef = B009 /* NotchBarView.swift */; };
		A010 /* BluetoothManager.swift in Sources */ = {isa = PBXBuildFile; fileRef = B010 /* BluetoothManager.swift */; };
		A011 /* NotificationManager.swift in Sources */ = {isa = PBXBuildFile; fileRef = B011 /* NotificationManager.swift */; };
		A012 /* NotifRow.swift in Sources */ = {isa = PBXBuildFile; fileRef = B012 /* NotifRow.swift */; };
		A013 /* AlertWindowManager.swift in Sources */ = {isa = PBXBuildFile; fileRef = B013 /* AlertWindowManager.swift */; };
		A014 /* AlertPopupView.swift in Sources */ = {isa = PBXBuildFile; fileRef = B014 /* AlertPopupView.swift */; };
/* End PBXBuildFile section */

/* Begin PBXFileReference section */
		B000 /* NotchInteraction.app */ = {isa = PBXFileReference; explicitFileType = wrapper.application; includeInIndex = 0; path = NotchInteraction.app; sourceTree = BUILT_PRODUCTS_DIR; };
		B001 /* NotchInteractionApp.swift */ = {isa = PBXFileReference; lastKnownFileType = sourcecode.swift; path = NotchInteractionApp.swift; sourceTree = "<group>"; };
		B002 /* AppDelegate.swift */ = {isa = PBXFileReference; lastKnownFileType = sourcecode.swift; path = AppDelegate.swift; sourceTree = "<group>"; };
		B003 /* NotchState.swift */ = {isa = PBXFileReference; lastKnownFileType = sourcecode.swift; path = NotchState.swift; sourceTree = "<group>"; };
		B004 /* NowBarOverlayView.swift */ = {isa = PBXFileReference; lastKnownFileType = sourcecode.swift; path = NowBarOverlayView.swift; sourceTree = "<group>"; };
		B005 /* NowPlayingManager.swift */ = {isa = PBXFileReference; lastKnownFileType = sourcecode.swift; path = NowPlayingManager.swift; sourceTree = "<group>"; };
		B006 /* SideBarNowPlayingView.swift */ = {isa = PBXFileReference; lastKnownFileType = sourcecode.swift; path = SideBarNowPlayingView.swift; sourceTree = "<group>"; };
		B007 /* HapticManager.swift */ = {isa = PBXFileReference; lastKnownFileType = sourcecode.swift; path = HapticManager.swift; sourceTree = "<group>"; };
		B008 /* PowerManager.swift */ = {isa = PBXFileReference; lastKnownFileType = sourcecode.swift; path = PowerManager.swift; sourceTree = "<group>"; };
		B009 /* NotchBarView.swift */ = {isa = PBXFileReference; lastKnownFileType = sourcecode.swift; path = NotchBarView.swift; sourceTree = "<group>"; };
		B010 /* BluetoothManager.swift */ = {isa = PBXFileReference; lastKnownFileType = sourcecode.swift; path = BluetoothManager.swift; sourceTree = "<group>"; };
		B011 /* NotificationManager.swift */ = {isa = PBXFileReference; lastKnownFileType = sourcecode.swift; path = NotificationManager.swift; sourceTree = "<group>"; };
		B012 /* NotifRow.swift */ = {isa = PBXFileReference; lastKnownFileType = sourcecode.swift; path = NotifRow.swift; sourceTree = "<group>"; };
		B013 /* AlertWindowManager.swift */ = {isa = PBXFileReference; lastKnownFileType = sourcecode.swift; path = AlertWindowManager.swift; sourceTree = "<group>"; };
		B014 /* AlertPopupView.swift */ = {isa = PBXFileReference; lastKnownFileType = sourcecode.swift; path = AlertPopupView.swift; sourceTree = "<group>"; };
		B015 /* Info.plist */ = {isa = PBXFileReference; lastKnownFileType = text.plist.xml; path = Info.plist; sourceTree = "<group>"; };
		E3DD41FF2F8E84FC00DB655E /* Assets.xcassets */ = {isa = PBXFileReference; lastKnownFileType = folder.assetcatalog; path = Assets.xcassets; sourceTree = "<group>"; };
/* End PBXFileReference section */

/* Begin PBXFrameworksBuildPhase section */
		C001 /* Frameworks */ = {
			isa = PBXFrameworksBuildPhase;
			buildActionMask = 2147483647;
			files = (
			);
			runOnlyForDeploymentPostprocessing = 0;
		};
/* End PBXFrameworksBuildPhase section */

/* Begin PBXGroup section */
		D000 = {
			isa = PBXGroup;
			children = (
				E3DD41FF2F8E84FC00DB655E /* Assets.xcassets */,
				D001 /* NotchInteraction */,
				D002 /* Products */,
			);
			sourceTree = "<group>";
		};
		D001 /* NotchInteraction */ = {
			isa = PBXGroup;
			children = (
				B001 /* NotchInteractionApp.swift */,
				B002 /* AppDelegate.swift */,
				B003 /* NotchState.swift */,
				B004 /* NowBarOverlayView.swift */,
				B005 /* NowPlayingManager.swift */,
				B006 /* SideBarNowPlayingView.swift */,
				B007 /* HapticManager.swift */,
				B008 /* PowerManager.swift */,
				B009 /* NotchBarView.swift */,
				B010 /* BluetoothManager.swift */,
				B011 /* NotificationManager.swift */,
				B012 /* NotifRow.swift */,
				B013 /* AlertWindowManager.swift */,
				B014 /* AlertPopupView.swift */,
				B015 /* Info.plist */,
			);
			path = NotchInteraction;
			sourceTree = "<group>";
		};
		D002 /* Products */ = {
			isa = PBXGroup;
			children = (
				B000 /* NotchInteraction.app */,
			);
			name = Products;
			sourceTree = "<group>";
		};
/* End PBXGroup section */

/* Begin PBXNativeTarget section */
		E001 /* NotchInteraction */ = {
			isa = PBXNativeTarget;
			buildConfigurationList = F002 /* Build configuration list for PBXNativeTarget "NotchInteraction" */;
			buildPhases = (
				E002 /* Sources */,
				C001 /* Frameworks */,
				E003 /* Resources */,
			);
			buildRules = (
			);
			dependencies = (
			);
			name = NotchInteraction;
			productName = NotchInteraction;
			productReference = B000 /* NotchInteraction.app */;
			productType = "com.apple.product-type.application";
		};
/* End PBXNativeTarget section */

/* Begin PBXProject section */
		E000 /* Project object */ = {
			isa = PBXProject;
			attributes = {
				BuildIndependentTargetsInParallel = 1;
				LastSwiftUpdateCheck = 1500;
				LastUpgradeCheck = 1500;
				TargetAttributes = {
					E001 = {
						CreatedOnToolsVersion = 15.0;
					};
				};
			};
			buildConfigurationList = F001 /* Build configuration list for PBXProject "NotchInteraction" */;
			compatibilityVersion = "Xcode 14.0";
			developmentRegion = en;
			hasScannedForEncodings = 0;
			knownRegions = (
				en,
				Base,
			);
			mainGroup = D000;
			productRefGroup = D002 /* Products */;
			projectDirPath = "";
			projectRoot = "";
			targets = (
				E001 /* NotchInteraction */,
			);
		};
/* End PBXProject section */

/* Begin PBXResourcesBuildPhase section */
		E003 /* Resources */ = {
			isa = PBXResourcesBuildPhase;
			buildActionMask = 2147483647;
			files = (
			);
			runOnlyForDeploymentPostprocessing = 0;
		};
/* End PBXResourcesBuildPhase section */

/* Begin PBXSourcesBuildPhase section */
		E002 /* Sources */ = {
			isa = PBXSourcesBuildPhase;
			buildActionMask = 2147483647;
			files = (
				A001 /* NotchInteractionApp.swift in Sources */,
				A002 /* AppDelegate.swift in Sources */,
				A003 /* NotchState.swift in Sources */,
				A004 /* NowBarOverlayView.swift in Sources */,
				A005 /* NowPlayingManager.swift in Sources */,
				A006 /* SideBarNowPlayingView.swift in Sources */,
				A007 /* HapticManager.swift in Sources */,
				A008 /* PowerManager.swift in Sources */,
				A009 /* NotchBarView.swift in Sources */,
				A010 /* BluetoothManager.swift in Sources */,
				A011 /* NotificationManager.swift in Sources */,
				A012 /* NotifRow.swift in Sources */,
				A013 /* AlertWindowManager.swift in Sources */,
				A014 /* AlertPopupView.swift in Sources */,
			);
			runOnlyForDeploymentPostprocessing = 0;
		};
/* End PBXSourcesBuildPhase section */

/* Begin XCBuildConfiguration section */
		F010 /* Debug */ = {
			isa = XCBuildConfiguration;
			buildSettings = {
				ALWAYS_SEARCH_USER_PATHS = NO;
				CLANG_CXX_LANGUAGE_STANDARD = "gnu++20";
				CLANG_ENABLE_MODULES = YES;
				CLANG_ENABLE_OBJC_ARC = YES;
				COPY_PHASE_STRIP = NO;
				DEBUG_INFORMATION_FORMAT = dwarf;
				ENABLE_TESTABILITY = YES;
				GCC_C_LANGUAGE_STANDARD = gnu17;
				GCC_DYNAMIC_NO_PIC = NO;
				GCC_NO_COMMON_BLOCKS = YES;
				GCC_OPTIMIZATION_LEVEL = 0;
				GCC_PREPROCESSOR_DEFINITIONS = (
					"DEBUG=1",
					"$(inherited)",
				);
				GCC_WARN_ABOUT_RETURN_TYPE = YES_ERROR;
				GCC_WARN_UNINITIALIZED_AUTOS = YES_AGGRESSIVE;
				GCC_WARN_UNUSED_VARIABLE = YES;
				MACOSX_DEPLOYMENT_TARGET = 13.0;
				MTL_ENABLE_DEBUG_INFO = INCLUDE_SOURCE;
				ONLY_ACTIVE_ARCH = YES;
				SDKROOT = macosx;
				SWIFT_ACTIVE_COMPILATION_CONDITIONS = DEBUG;
				SWIFT_OPTIMIZATION_LEVEL = "-Onone";
			};
			name = Debug;
		};
		F011 /* Release */ = {
			isa = XCBuildConfiguration;
			buildSettings = {
				ALWAYS_SEARCH_USER_PATHS = NO;
				CLANG_CXX_LANGUAGE_STANDARD = "gnu++20";
				CLANG_ENABLE_MODULES = YES;
				CLANG_ENABLE_OBJC_ARC = YES;
				COPY_PHASE_STRIP = NO;
				DEBUG_INFORMATION_FORMAT = "dwarf-with-dsym";
				ENABLE_NS_ASSERTIONS = NO;
				GCC_C_LANGUAGE_STANDARD = gnu17;
				GCC_NO_COMMON_BLOCKS = YES;
				GCC_WARN_ABOUT_RETURN_TYPE = YES_ERROR;
				GCC_WARN_UNINITIALIZED_AUTOS = YES_AGGRESSIVE;
				GCC_WARN_UNUSED_VARIABLE = YES;
				MACOSX_DEPLOYMENT_TARGET = 13.0;
				SDKROOT = macosx;
				SWIFT_COMPILATION_MODE = wholemodule;
				SWIFT_OPTIMIZATION_LEVEL = "-O";
			};
			name = Release;
		};
		F020 /* Debug */ = {
			isa = XCBuildConfiguration;
			buildSettings = {
				CODE_SIGN_STYLE = Automatic;
				COMBINE_HIDPI_IMAGES = YES;
				CURRENT_PROJECT_VERSION = 1;
				DEVELOPMENT_TEAM = "";
				ENABLE_HARDENED_RUNTIME = YES;
				GENERATE_INFOPLIST_FILE = NO;
				INFOPLIST_FILE = NotchInteraction/Info.plist;
				LD_RUNPATH_SEARCH_PATHS = (
					"$(inherited)",
					"@executable_path/../Frameworks",
				);
				MARKETING_VERSION = 1.0;
				PRODUCT_BUNDLE_IDENTIFIER = com.notchinteraction.app;
				PRODUCT_NAME = "$(TARGET_NAME)";
				SWIFT_EMIT_LOC_STRINGS = YES;
				SWIFT_VERSION = 5.0;
			};
			name = Debug;
		};
		F021 /* Release */ = {
			isa = XCBuildConfiguration;
			buildSettings = {
				CODE_SIGN_STYLE = Automatic;
				COMBINE_HIDPI_IMAGES = YES;
				CURRENT_PROJECT_VERSION = 1;
				DEVELOPMENT_TEAM = "";
				ENABLE_HARDENED_RUNTIME = YES;
				GENERATE_INFOPLIST_FILE = NO;
				INFOPLIST_FILE = NotchInteraction/Info.plist;
				LD_RUNPATH_SEARCH_PATHS = (
					"$(inherited)",
					"@executable_path/../Frameworks",
				);
				MARKETING_VERSION = 1.0;
				PRODUCT_BUNDLE_IDENTIFIER = com.notchinteraction.app;
				PRODUCT_NAME = "$(TARGET_NAME)";
				SWIFT_EMIT_LOC_STRINGS = YES;
				SWIFT_VERSION = 5.0;
			};
			name = Release;
		};
/* End XCBuildConfiguration section */

/* Begin XCConfigurationList section */
		F001 /* Build configuration list for PBXProject "NotchInteraction" */ = {
			isa = XCConfigurationList;
			buildConfigurations = (
				F010 /* Debug */,
				F011 /* Release */,
			);
			defaultConfigurationIsVisible = 0;
			defaultConfigurationName = Release;
		};
		F002 /* Build configuration list for PBXNativeTarget "NotchInteraction" */ = {
			isa = XCConfigurationList;
			buildConfigurations = (
				F020 /* Debug */,
				F021 /* Release */,
			);
			defaultConfigurationIsVisible = 0;
			defaultConfigurationName = Release;
		};
/* End XCConfigurationList section */
	};
	rootObject = E000 /* Project object */;
}
